
Microsoft Visual Studio Solution File, Format Version 12.00
# Visual Studio Version 17
VisualStudioVersion = 17.1.32210.238
MinimumVisualStudioVersion = 10.0.40219.1
Project("{FAE04EC0-301F-11D3-BF4B-00C04F79EFBC}") = "ConsoleCalculator", "ConsoleCalculator.csproj", "{BA1FA18B-2662-469F-A665-30A19D3EF0EE}"
EndProject
Global
	GlobalSection(SolutionConfigurationPlatforms) = preSolution
		Debug|Any CPU = Debug|Any CPU
		Release|Any CPU = Release|Any CPU
	EndGlobalSection
	GlobalSection(ProjectConfigurationPlatforms) = postSolution
		{BA1FA18B-2662-469F-A665-30A19D3EF0EE}.Debug|Any CPU.ActiveCfg = Debug|Any CPU
		{BA1FA18B-2662-469F-A665-30A19D3EF0EE}.Debug|Any CPU.Build.0 = Debug|Any CPU
		{BA1FA18B-2662-469F-A665-30A19D3EF0EE}.Release|Any CPU.ActiveCfg = Release|Any CPU
		{BA1FA18B-2662-469F-A665-30A19D3EF0EE}.Release|Any CPU.Build.0 = Release|Any CPU
	EndGlobalSection
	GlobalSection(SolutionProperties) = preSolution
		HideSolutionNode = FALSE
	EndGlobalSection
	GlobalSection(ExtensibilityGlobals) = postSolution
		SolutionGuid = {97C00D59-FFDA-430B-99AA-9D79018D79B2}
	EndGlobalSection
EndGlobal
