
Microsoft Visual Studio Solution File, Format Version 12.00
# Visual Studio Version 17
VisualStudioVersion = 17.1.32328.378
MinimumVisualStudioVersion = 10.0.40219.1
Project("{FAE04EC0-301F-11D3-BF4B-00C04F79EFBC}") = "OrderWeb", "OrderWeb.csproj", "{708488AA-64CB-45F8-BF8D-3C8F6A5FBE98}"
EndProject
Global
	GlobalSection(SolutionConfigurationPlatforms) = preSolution
		Debug|Any CPU = Debug|Any CPU
		Release|Any CPU = Release|Any CPU
	EndGlobalSection
	GlobalSection(ProjectConfigurationPlatforms) = postSolution
		{708488AA-64CB-45F8-BF8D-3C8F6A5FBE98}.Debug|Any CPU.ActiveCfg = Debug|Any CPU
		{708488AA-64CB-45F8-BF8D-3C8F6A5FBE98}.Debug|Any CPU.Build.0 = Debug|Any CPU
		{708488AA-64CB-45F8-BF8D-3C8F6A5FBE98}.Release|Any CPU.ActiveCfg = Release|Any CPU
		{708488AA-64CB-45F8-BF8D-3C8F6A5FBE98}.Release|Any CPU.Build.0 = Release|Any CPU
	EndGlobalSection
	GlobalSection(SolutionProperties) = preSolution
		HideSolutionNode = FALSE
	EndGlobalSection
	GlobalSection(ExtensibilityGlobals) = postSolution
		SolutionGuid = {600FE88C-DC14-408D-8375-CF2354410348}
	EndGlobalSection
EndGlobal
